
Microsoft Visual Studio Solution File, Format Version 12.00
# Visual Studio Version 16
VisualStudioVersion = 16.0.29503.13
MinimumVisualStudioVersion = 10.0.40219.1
Project("{FAE04EC0-301F-11D3-BF4B-00C04F79EFBC}") = "NetworkManager", "NetworkManager\NetworkManager.csproj", "{05006F24-C35F-4607-BE04-050771F0BF41}"
EndProject
Project("{FAE04EC0-301F-11D3-BF4B-00C04F79EFBC}") = "NetworkManager.Core", "NetworkManager.Core\NetworkManager.Core.csproj", "{79E501D6-9A38-4DC1-963F-01BCCED13C4F}"
EndProject
Project("{2150E333-8FDC-42A3-9474-1A3956D46DE8}") = "Tests", "Tests", "{D4642DDB-9FC0-409D-84CF-21164BCFA9E8}"
EndProject
Project("{FAE04EC0-301F-11D3-BF4B-00C04F79EFBC}") = "NetworkManager.Tests", "NetworkManager.Tests\NetworkManager.Tests.csproj", "{66FE74FF-1CE8-47B4-BA41-0583F264AE9D}"
EndProject
Project("{FAE04EC0-301F-11D3-BF4B-00C04F79EFBC}") = "NetworkManager.Core.Tests", "NetworkManager.Core.Tests\NetworkManager.Core.Tests.csproj", "{BDE08832-9E04-41F4-BCA0-3F230BE42966}"
EndProject
Global
	GlobalSection(SolutionConfigurationPlatforms) = preSolution
		Debug|Any CPU = Debug|Any CPU
		Debug|ARM = Debug|ARM
		Debug|ARM64 = Debug|ARM64
		Debug|x64 = Debug|x64
		Debug|x86 = Debug|x86
		Release|Any CPU = Release|Any CPU
		Release|ARM = Release|ARM
		Release|ARM64 = Release|ARM64
		Release|x64 = Release|x64
		Release|x86 = Release|x86
	EndGlobalSection
	GlobalSection(ProjectConfigurationPlatforms) = postSolution
		{05006F24-C35F-4607-BE04-050771F0BF41}.Debug|Any CPU.ActiveCfg = Debug|x64
		{05006F24-C35F-4607-BE04-050771F0BF41}.Debug|Any CPU.Build.0 = Debug|x64
		{05006F24-C35F-4607-BE04-050771F0BF41}.Debug|Any CPU.Deploy.0 = Debug|x64
		{05006F24-C35F-4607-BE04-050771F0BF41}.Debug|ARM.ActiveCfg = Debug|ARM
		{05006F24-C35F-4607-BE04-050771F0BF41}.Debug|ARM.Build.0 = Debug|ARM
		{05006F24-C35F-4607-BE04-050771F0BF41}.Debug|ARM.Deploy.0 = Debug|ARM
		{05006F24-C35F-4607-BE04-050771F0BF41}.Debug|ARM64.ActiveCfg = Debug|ARM64
		{05006F24-C35F-4607-BE04-050771F0BF41}.Debug|ARM64.Build.0 = Debug|ARM64
		{05006F24-C35F-4607-BE04-050771F0BF41}.Debug|ARM64.Deploy.0 = Debug|ARM64
		{05006F24-C35F-4607-BE04-050771F0BF41}.Debug|x64.ActiveCfg = Debug|x64
		{05006F24-C35F-4607-BE04-050771F0BF41}.Debug|x64.Build.0 = Debug|x64
		{05006F24-C35F-4607-BE04-050771F0BF41}.Debug|x64.Deploy.0 = Debug|x64
		{05006F24-C35F-4607-BE04-050771F0BF41}.Debug|x86.ActiveCfg = Debug|x86
		{05006F24-C35F-4607-BE04-050771F0BF41}.Debug|x86.Build.0 = Debug|x86
		{05006F24-C35F-4607-BE04-050771F0BF41}.Debug|x86.Deploy.0 = Debug|x86
		{05006F24-C35F-4607-BE04-050771F0BF41}.Release|Any CPU.ActiveCfg = Debug|x86
		{05006F24-C35F-4607-BE04-050771F0BF41}.Release|Any CPU.Build.0 = Debug|x86
		{05006F24-C35F-4607-BE04-050771F0BF41}.Release|Any CPU.Deploy.0 = Debug|x86
		{05006F24-C35F-4607-BE04-050771F0BF41}.Release|ARM.ActiveCfg = Release|ARM
		{05006F24-C35F-4607-BE04-050771F0BF41}.Release|ARM.Build.0 = Release|ARM
		{05006F24-C35F-4607-BE04-050771F0BF41}.Release|ARM.Deploy.0 = Release|ARM
		{05006F24-C35F-4607-BE04-050771F0BF41}.Release|ARM64.ActiveCfg = Release|ARM64
		{05006F24-C35F-4607-BE04-050771F0BF41}.Release|ARM64.Build.0 = Release|ARM64
		{05006F24-C35F-4607-BE04-050771F0BF41}.Release|ARM64.Deploy.0 = Release|ARM64
		{05006F24-C35F-4607-BE04-050771F0BF41}.Release|x64.ActiveCfg = Release|x64
		{05006F24-C35F-4607-BE04-050771F0BF41}.Release|x64.Build.0 = Release|x64
		{05006F24-C35F-4607-BE04-050771F0BF41}.Release|x64.Deploy.0 = Release|x64
		{05006F24-C35F-4607-BE04-050771F0BF41}.Release|x86.ActiveCfg = Release|x86
		{05006F24-C35F-4607-BE04-050771F0BF41}.Release|x86.Build.0 = Release|x86
		{05006F24-C35F-4607-BE04-050771F0BF41}.Release|x86.Deploy.0 = Release|x86
		{79E501D6-9A38-4DC1-963F-01BCCED13C4F}.Debug|Any CPU.ActiveCfg = Debug|Any CPU
		{79E501D6-9A38-4DC1-963F-01BCCED13C4F}.Debug|Any CPU.Build.0 = Debug|Any CPU
		{79E501D6-9A38-4DC1-963F-01BCCED13C4F}.Debug|ARM.ActiveCfg = Debug|ARM
		{79E501D6-9A38-4DC1-963F-01BCCED13C4F}.Debug|ARM.Build.0 = Debug|ARM
		{79E501D6-9A38-4DC1-963F-01BCCED13C4F}.Debug|ARM64.ActiveCfg = Debug|ARM64
		{79E501D6-9A38-4DC1-963F-01BCCED13C4F}.Debug|ARM64.Build.0 = Debug|ARM64
		{79E501D6-9A38-4DC1-963F-01BCCED13C4F}.Debug|x64.ActiveCfg = Debug|x64
		{79E501D6-9A38-4DC1-963F-01BCCED13C4F}.Debug|x64.Build.0 = Debug|x64
		{79E501D6-9A38-4DC1-963F-01BCCED13C4F}.Debug|x86.ActiveCfg = Debug|x86
		{79E501D6-9A38-4DC1-963F-01BCCED13C4F}.Debug|x86.Build.0 = Debug|x86
		{79E501D6-9A38-4DC1-963F-01BCCED13C4F}.Release|Any CPU.ActiveCfg = Release|Any CPU
		{79E501D6-9A38-4DC1-963F-01BCCED13C4F}.Release|Any CPU.Build.0 = Release|Any CPU
		{79E501D6-9A38-4DC1-963F-01BCCED13C4F}.Release|ARM.ActiveCfg = Release|ARM
		{79E501D6-9A38-4DC1-963F-01BCCED13C4F}.Release|ARM.Build.0 = Release|ARM
		{79E501D6-9A38-4DC1-963F-01BCCED13C4F}.Release|ARM64.ActiveCfg = Release|ARM64
		{79E501D6-9A38-4DC1-963F-01BCCED13C4F}.Release|ARM64.Build.0 = Release|ARM64
		{79E501D6-9A38-4DC1-963F-01BCCED13C4F}.Release|x64.ActiveCfg = Release|x64
		{79E501D6-9A38-4DC1-963F-01BCCED13C4F}.Release|x64.Build.0 = Release|x64
		{79E501D6-9A38-4DC1-963F-01BCCED13C4F}.Release|x86.ActiveCfg = Release|x86
		{79E501D6-9A38-4DC1-963F-01BCCED13C4F}.Release|x86.Build.0 = Release|x86
		{66FE74FF-1CE8-47B4-BA41-0583F264AE9D}.Debug|Any CPU.ActiveCfg = Debug|x86
		{66FE74FF-1CE8-47B4-BA41-0583F264AE9D}.Debug|ARM.ActiveCfg = Debug|ARM
		{66FE74FF-1CE8-47B4-BA41-0583F264AE9D}.Debug|ARM.Build.0 = Debug|ARM
		{66FE74FF-1CE8-47B4-BA41-0583F264AE9D}.Debug|ARM.Deploy.0 = Debug|ARM
		{66FE74FF-1CE8-47B4-BA41-0583F264AE9D}.Debug|ARM64.ActiveCfg = Debug|ARM64
		{66FE74FF-1CE8-47B4-BA41-0583F264AE9D}.Debug|ARM64.Build.0 = Debug|ARM64
		{66FE74FF-1CE8-47B4-BA41-0583F264AE9D}.Debug|ARM64.Deploy.0 = Debug|ARM64
		{66FE74FF-1CE8-47B4-BA41-0583F264AE9D}.Debug|x64.ActiveCfg = Debug|x64
		{66FE74FF-1CE8-47B4-BA41-0583F264AE9D}.Debug|x64.Build.0 = Debug|x64
		{66FE74FF-1CE8-47B4-BA41-0583F264AE9D}.Debug|x64.Deploy.0 = Debug|x64
		{66FE74FF-1CE8-47B4-BA41-0583F264AE9D}.Debug|x86.ActiveCfg = Debug|x86
		{66FE74FF-1CE8-47B4-BA41-0583F264AE9D}.Debug|x86.Build.0 = Debug|x86
		{66FE74FF-1CE8-47B4-BA41-0583F264AE9D}.Debug|x86.Deploy.0 = Debug|x86
		{66FE74FF-1CE8-47B4-BA41-0583F264AE9D}.Release|Any CPU.ActiveCfg = Release|x86
		{66FE74FF-1CE8-47B4-BA41-0583F264AE9D}.Release|ARM.ActiveCfg = Release|ARM
		{66FE74FF-1CE8-47B4-BA41-0583F264AE9D}.Release|ARM.Build.0 = Release|ARM
		{66FE74FF-1CE8-47B4-BA41-0583F264AE9D}.Release|ARM.Deploy.0 = Release|ARM
		{66FE74FF-1CE8-47B4-BA41-0583F264AE9D}.Release|ARM64.ActiveCfg = Release|ARM64
		{66FE74FF-1CE8-47B4-BA41-0583F264AE9D}.Release|ARM64.Build.0 = Release|ARM64
		{66FE74FF-1CE8-47B4-BA41-0583F264AE9D}.Release|ARM64.Deploy.0 = Release|ARM64
		{66FE74FF-1CE8-47B4-BA41-0583F264AE9D}.Release|x64.ActiveCfg = Release|x64
		{66FE74FF-1CE8-47B4-BA41-0583F264AE9D}.Release|x64.Build.0 = Release|x64
		{66FE74FF-1CE8-47B4-BA41-0583F264AE9D}.Release|x64.Deploy.0 = Release|x64
		{66FE74FF-1CE8-47B4-BA41-0583F264AE9D}.Release|x86.ActiveCfg = Release|x86
		{66FE74FF-1CE8-47B4-BA41-0583F264AE9D}.Release|x86.Build.0 = Release|x86
		{66FE74FF-1CE8-47B4-BA41-0583F264AE9D}.Release|x86.Deploy.0 = Release|x86
		{BDE08832-9E04-41F4-BCA0-3F230BE42966}.Debug|Any CPU.ActiveCfg = Debug|x86
		{BDE08832-9E04-41F4-BCA0-3F230BE42966}.Debug|ARM.ActiveCfg = Debug|ARM
		{BDE08832-9E04-41F4-BCA0-3F230BE42966}.Debug|ARM.Build.0 = Debug|ARM
		{BDE08832-9E04-41F4-BCA0-3F230BE42966}.Debug|ARM.Deploy.0 = Debug|ARM
		{BDE08832-9E04-41F4-BCA0-3F230BE42966}.Debug|ARM64.ActiveCfg = Debug|ARM64
		{BDE08832-9E04-41F4-BCA0-3F230BE42966}.Debug|ARM64.Build.0 = Debug|ARM64
		{BDE08832-9E04-41F4-BCA0-3F230BE42966}.Debug|ARM64.Deploy.0 = Debug|ARM64
		{BDE08832-9E04-41F4-BCA0-3F230BE42966}.Debug|x64.ActiveCfg = Debug|x64
		{BDE08832-9E04-41F4-BCA0-3F230BE42966}.Debug|x64.Build.0 = Debug|x64
		{BDE08832-9E04-41F4-BCA0-3F230BE42966}.Debug|x64.Deploy.0 = Debug|x64
		{BDE08832-9E04-41F4-BCA0-3F230BE42966}.Debug|x86.ActiveCfg = Debug|x86
		{BDE08832-9E04-41F4-BCA0-3F230BE42966}.Debug|x86.Build.0 = Debug|x86
		{BDE08832-9E04-41F4-BCA0-3F230BE42966}.Debug|x86.Deploy.0 = Debug|x86
		{BDE08832-9E04-41F4-BCA0-3F230BE42966}.Release|Any CPU.ActiveCfg = Release|x86
		{BDE08832-9E04-41F4-BCA0-3F230BE42966}.Release|ARM.ActiveCfg = Release|ARM
		{BDE08832-9E04-41F4-BCA0-3F230BE42966}.Release|ARM.Build.0 = Release|ARM
		{BDE08832-9E04-41F4-BCA0-3F230BE42966}.Release|ARM.Deploy.0 = Release|ARM
		{BDE08832-9E04-41F4-BCA0-3F230BE42966}.Release|ARM64.ActiveCfg = Release|ARM64
		{BDE08832-9E04-41F4-BCA0-3F230BE42966}.Release|ARM64.Build.0 = Release|ARM64
		{BDE08832-9E04-41F4-BCA0-3F230BE42966}.Release|ARM64.Deploy.0 = Release|ARM64
		{BDE08832-9E04-41F4-BCA0-3F230BE42966}.Release|x64.ActiveCfg = Release|x64
		{BDE08832-9E04-41F4-BCA0-3F230BE42966}.Release|x64.Build.0 = Release|x64
		{BDE08832-9E04-41F4-BCA0-3F230BE42966}.Release|x64.Deploy.0 = Release|x64
		{BDE08832-9E04-41F4-BCA0-3F230BE42966}.Release|x86.ActiveCfg = Release|x86
		{BDE08832-9E04-41F4-BCA0-3F230BE42966}.Release|x86.Build.0 = Release|x86
		{BDE08832-9E04-41F4-BCA0-3F230BE42966}.Release|x86.Deploy.0 = Release|x86
	EndGlobalSection
	GlobalSection(SolutionProperties) = preSolution
		HideSolutionNode = FALSE
	EndGlobalSection
	GlobalSection(NestedProjects) = preSolution
		{66FE74FF-1CE8-47B4-BA41-0583F264AE9D} = {D4642DDB-9FC0-409D-84CF-21164BCFA9E8}
		{BDE08832-9E04-41F4-BCA0-3F230BE42966} = {D4642DDB-9FC0-409D-84CF-21164BCFA9E8}
	EndGlobalSection
	GlobalSection(ExtensibilityGlobals) = postSolution
		SolutionGuid = {FB00CF32-C98A-432F-BC4F-E34E877D0311}
	EndGlobalSection
EndGlobal
